
Microsoft Visual Studio Solution File, Format Version 12.00
# Visual Studio 16
Project("{FAE04EC0-301F-11D3-BF4B-00C04F79EFBC}") = "PhotonUnityNetworking.Demos", "PhotonUnityNetworking.Demos.csproj", "{D430AACD-2B02-55E9-9781-D2391836389E}"
EndProject
Project("{FAE04EC0-301F-11D3-BF4B-00C04F79EFBC}") = "PhotonUnityNetworking.Utilities", "PhotonUnityNetworking.Utilities.csproj", "{635768DF-5934-3DFB-CC44-F70FA5D47E5B}"
EndProject
Project("{FAE04EC0-301F-11D3-BF4B-00C04F79EFBC}") = "SteamVR", "SteamVR.csproj", "{1F326195-3E83-7CA3-7FED-399A9B7B22BD}"
EndProject
Project("{FAE04EC0-301F-11D3-BF4B-00C04F79EFBC}") = "Assembly-CSharp", "Assembly-CSharp.csproj", "{88768F90-EA2F-5CC1-FEE3-168A876438F8}"
EndProject
Project("{FAE04EC0-301F-11D3-BF4B-00C04F79EFBC}") = "PhotonChat", "PhotonChat.csproj", "{9CA17B3D-172C-DFAD-AAF6-645563AFB6C1}"
EndProject
Project("{FAE04EC0-301F-11D3-BF4B-00C04F79EFBC}") = "PhotonUnityNetworking", "PhotonUnityNetworking.csproj", "{4E0F82EA-3905-9415-8FA0-6EE5F5D5F287}"
EndProject
Project("{FAE04EC0-301F-11D3-BF4B-00C04F79EFBC}") = "PhotonRealtime", "PhotonRealtime.csproj", "{D09982D5-F364-D313-206E-29E71CABD931}"
EndProject
Project("{FAE04EC0-301F-11D3-BF4B-00C04F79EFBC}") = "PhotonWebSocket", "PhotonWebSocket.csproj", "{1A93E0BB-A7F1-2A06-8F27-003D01771161}"
EndProject
Project("{FAE04EC0-301F-11D3-BF4B-00C04F79EFBC}") = "SteamVR_Editor", "SteamVR_Editor.csproj", "{D9AFB277-A723-DBF8-1AC8-1C5DCEF63AD9}"
EndProject
Project("{FAE04EC0-301F-11D3-BF4B-00C04F79EFBC}") = "SteamVR_Input_Editor", "SteamVR_Input_Editor.csproj", "{7E55D9A6-1510-0ADE-E8EB-C2BF8189F6A9}"
EndProject
Project("{FAE04EC0-301F-11D3-BF4B-00C04F79EFBC}") = "PhotonUnityNetworking.Editor", "PhotonUnityNetworking.Editor.csproj", "{61E90BCB-61F1-1B1B-67B6-E2E3AE4152B5}"
EndProject
Project("{FAE04EC0-301F-11D3-BF4B-00C04F79EFBC}") = "PunDemos.DemoHubEditor", "PunDemos.DemoHubEditor.csproj", "{7627768E-39C2-42C0-802B-44E59F9DB79B}"
EndProject
Project("{FAE04EC0-301F-11D3-BF4B-00C04F79EFBC}") = "PhotonUnityNetworking.Utilities.PhotonPlayer.Editor", "PhotonUnityNetworking.Utilities.PhotonPlayer.Editor.csproj", "{DC0296BC-9C59-B05D-C98B-E2BA97B7A9A7}"
EndProject
Project("{FAE04EC0-301F-11D3-BF4B-00C04F79EFBC}") = "PhotonUnityNetworking.Utilities.Culling.Editor", "PhotonUnityNetworking.Utilities.Culling.Editor.csproj", "{5266766F-9C2A-69B8-4016-A345B92A9E1C}"
EndProject
Project("{FAE04EC0-301F-11D3-BF4B-00C04F79EFBC}") = "PunDemos.DemoSlotcarEditor", "PunDemos.DemoSlotcarEditor.csproj", "{BC732EC6-B398-B321-1E99-14F70433A75A}"
EndProject
Project("{FAE04EC0-301F-11D3-BF4B-00C04F79EFBC}") = "SteamVR_Windows_EditorHelper", "SteamVR_Windows_EditorHelper.csproj", "{8C87D5D1-464F-0275-6FCE-A74C95D08D8B}"
EndProject
Global
	GlobalSection(SolutionConfigurationPlatforms) = preSolution
		Debug|Any CPU = Debug|Any CPU
		Release|Any CPU = Release|Any CPU
	EndGlobalSection
	GlobalSection(ProjectConfigurationPlatforms) = postSolution
		{D430AACD-2B02-55E9-9781-D2391836389E}.Debug|Any CPU.ActiveCfg = Debug|Any CPU
		{D430AACD-2B02-55E9-9781-D2391836389E}.Debug|Any CPU.Build.0 = Debug|Any CPU
		{D430AACD-2B02-55E9-9781-D2391836389E}.Release|Any CPU.ActiveCfg = Release|Any CPU
		{D430AACD-2B02-55E9-9781-D2391836389E}.Release|Any CPU.Build.0 = Release|Any CPU
		{635768DF-5934-3DFB-CC44-F70FA5D47E5B}.Debug|Any CPU.ActiveCfg = Debug|Any CPU
		{635768DF-5934-3DFB-CC44-F70FA5D47E5B}.Debug|Any CPU.Build.0 = Debug|Any CPU
		{635768DF-5934-3DFB-CC44-F70FA5D47E5B}.Release|Any CPU.ActiveCfg = Release|Any CPU
		{635768DF-5934-3DFB-CC44-F70FA5D47E5B}.Release|Any CPU.Build.0 = Release|Any CPU
		{1F326195-3E83-7CA3-7FED-399A9B7B22BD}.Debug|Any CPU.ActiveCfg = Debug|Any CPU
		{1F326195-3E83-7CA3-7FED-399A9B7B22BD}.Debug|Any CPU.Build.0 = Debug|Any CPU
		{1F326195-3E83-7CA3-7FED-399A9B7B22BD}.Release|Any CPU.ActiveCfg = Release|Any CPU
		{1F326195-3E83-7CA3-7FED-399A9B7B22BD}.Release|Any CPU.Build.0 = Release|Any CPU
		{88768F90-EA2F-5CC1-FEE3-168A876438F8}.Debug|Any CPU.ActiveCfg = Debug|Any CPU
		{88768F90-EA2F-5CC1-FEE3-168A876438F8}.Debug|Any CPU.Build.0 = Debug|Any CPU
		{88768F90-EA2F-5CC1-FEE3-168A876438F8}.Release|Any CPU.ActiveCfg = Release|Any CPU
		{88768F90-EA2F-5CC1-FEE3-168A876438F8}.Release|Any CPU.Build.0 = Release|Any CPU
		{9CA17B3D-172C-DFAD-AAF6-645563AFB6C1}.Debug|Any CPU.ActiveCfg = Debug|Any CPU
		{9CA17B3D-172C-DFAD-AAF6-645563AFB6C1}.Debug|Any CPU.Build.0 = Debug|Any CPU
		{9CA17B3D-172C-DFAD-AAF6-645563AFB6C1}.Release|Any CPU.ActiveCfg = Release|Any CPU
		{9CA17B3D-172C-DFAD-AAF6-645563AFB6C1}.Release|Any CPU.Build.0 = Release|Any CPU
		{4E0F82EA-3905-9415-8FA0-6EE5F5D5F287}.Debug|Any CPU.ActiveCfg = Debug|Any CPU
		{4E0F82EA-3905-9415-8FA0-6EE5F5D5F287}.Debug|Any CPU.Build.0 = Debug|Any CPU
		{4E0F82EA-3905-9415-8FA0-6EE5F5D5F287}.Release|Any CPU.ActiveCfg = Release|Any CPU
		{4E0F82EA-3905-9415-8FA0-6EE5F5D5F287}.Release|Any CPU.Build.0 = Release|Any CPU
		{D09982D5-F364-D313-206E-29E71CABD931}.Debug|Any CPU.ActiveCfg = Debug|Any CPU
		{D09982D5-F364-D313-206E-29E71CABD931}.Debug|Any CPU.Build.0 = Debug|Any CPU
		{D09982D5-F364-D313-206E-29E71CABD931}.Release|Any CPU.ActiveCfg = Release|Any CPU
		{D09982D5-F364-D313-206E-29E71CABD931}.Release|Any CPU.Build.0 = Release|Any CPU
		{1A93E0BB-A7F1-2A06-8F27-003D01771161}.Debug|Any CPU.ActiveCfg = Debug|Any CPU
		{1A93E0BB-A7F1-2A06-8F27-003D01771161}.Debug|Any CPU.Build.0 = Debug|Any CPU
		{1A93E0BB-A7F1-2A06-8F27-003D01771161}.Release|Any CPU.ActiveCfg = Release|Any CPU
		{1A93E0BB-A7F1-2A06-8F27-003D01771161}.Release|Any CPU.Build.0 = Release|Any CPU
		{D9AFB277-A723-DBF8-1AC8-1C5DCEF63AD9}.Debug|Any CPU.ActiveCfg = Debug|Any CPU
		{D9AFB277-A723-DBF8-1AC8-1C5DCEF63AD9}.Debug|Any CPU.Build.0 = Debug|Any CPU
		{D9AFB277-A723-DBF8-1AC8-1C5DCEF63AD9}.Release|Any CPU.ActiveCfg = Release|Any CPU
		{D9AFB277-A723-DBF8-1AC8-1C5DCEF63AD9}.Release|Any CPU.Build.0 = Release|Any CPU
		{7E55D9A6-1510-0ADE-E8EB-C2BF8189F6A9}.Debug|Any CPU.ActiveCfg = Debug|Any CPU
		{7E55D9A6-1510-0ADE-E8EB-C2BF8189F6A9}.Debug|Any CPU.Build.0 = Debug|Any CPU
		{7E55D9A6-1510-0ADE-E8EB-C2BF8189F6A9}.Release|Any CPU.ActiveCfg = Release|Any CPU
		{7E55D9A6-1510-0ADE-E8EB-C2BF8189F6A9}.Release|Any CPU.Build.0 = Release|Any CPU
		{61E90BCB-61F1-1B1B-67B6-E2E3AE4152B5}.Debug|Any CPU.ActiveCfg = Debug|Any CPU
		{61E90BCB-61F1-1B1B-67B6-E2E3AE4152B5}.Debug|Any CPU.Build.0 = Debug|Any CPU
		{61E90BCB-61F1-1B1B-67B6-E2E3AE4152B5}.Release|Any CPU.ActiveCfg = Release|Any CPU
		{61E90BCB-61F1-1B1B-67B6-E2E3AE4152B5}.Release|Any CPU.Build.0 = Release|Any CPU
		{7627768E-39C2-42C0-802B-44E59F9DB79B}.Debug|Any CPU.ActiveCfg = Debug|Any CPU
		{7627768E-39C2-42C0-802B-44E59F9DB79B}.Debug|Any CPU.Build.0 = Debug|Any CPU
		{7627768E-39C2-42C0-802B-44E59F9DB79B}.Release|Any CPU.ActiveCfg = Release|Any CPU
		{7627768E-39C2-42C0-802B-44E59F9DB79B}.Release|Any CPU.Build.0 = Release|Any CPU
		{DC0296BC-9C59-B05D-C98B-E2BA97B7A9A7}.Debug|Any CPU.ActiveCfg = Debug|Any CPU
		{DC0296BC-9C59-B05D-C98B-E2BA97B7A9A7}.Debug|Any CPU.Build.0 = Debug|Any CPU
		{DC0296BC-9C59-B05D-C98B-E2BA97B7A9A7}.Release|Any CPU.ActiveCfg = Release|Any CPU
		{DC0296BC-9C59-B05D-C98B-E2BA97B7A9A7}.Release|Any CPU.Build.0 = Release|Any CPU
		{5266766F-9C2A-69B8-4016-A345B92A9E1C}.Debug|Any CPU.ActiveCfg = Debug|Any CPU
		{5266766F-9C2A-69B8-4016-A345B92A9E1C}.Debug|Any CPU.Build.0 = Debug|Any CPU
		{5266766F-9C2A-69B8-4016-A345B92A9E1C}.Release|Any CPU.ActiveCfg = Release|Any CPU
		{5266766F-9C2A-69B8-4016-A345B92A9E1C}.Release|Any CPU.Build.0 = Release|Any CPU
		{BC732EC6-B398-B321-1E99-14F70433A75A}.Debug|Any CPU.ActiveCfg = Debug|Any CPU
		{BC732EC6-B398-B321-1E99-14F70433A75A}.Debug|Any CPU.Build.0 = Debug|Any CPU
		{BC732EC6-B398-B321-1E99-14F70433A75A}.Release|Any CPU.ActiveCfg = Release|Any CPU
		{BC732EC6-B398-B321-1E99-14F70433A75A}.Release|Any CPU.Build.0 = Release|Any CPU
		{8C87D5D1-464F-0275-6FCE-A74C95D08D8B}.Debug|Any CPU.ActiveCfg = Debug|Any CPU
		{8C87D5D1-464F-0275-6FCE-A74C95D08D8B}.Debug|Any CPU.Build.0 = Debug|Any CPU
		{8C87D5D1-464F-0275-6FCE-A74C95D08D8B}.Release|Any CPU.ActiveCfg = Release|Any CPU
		{8C87D5D1-464F-0275-6FCE-A74C95D08D8B}.Release|Any CPU.Build.0 = Release|Any CPU
	EndGlobalSection
	GlobalSection(SolutionProperties) = preSolution
		HideSolutionNode = FALSE
	EndGlobalSection
EndGlobal
